Microsoft Visual Studio Solution File, Format Version 12.00
# Visual Studio Version 17
VisualStudioVersion = 17.5.2.0
MinimumVisualStudioVersion = 10.0.40219.1
Project("{2150E333-8FDC-42A3-9474-1A3956D46DE8}") = "MarketPulse", "MarketPulse", "{5C976489-47FA-0B10-59F5-EB3BB8509CFA}"
EndProject
Project("{2150E333-8FDC-42A3-9474-1A3956D46DE8}") = "dotnet-gateway", "dotnet-gateway", "{EFFA5600-B172-3042-5864-F1F34BE322BF}"
EndProject
Project("{FAE04EC0-301F-11D3-BF4B-00C04F79EFBC}") = "MarketPulse.Gateway", "MarketPulse\dotnet-gateway\MarketPulse.Gateway.csproj", "{737C5FD3-924C-DD77-E32C-800D91900F0A}"
EndProject
Global
	GlobalSection(SolutionConfigurationPlatforms) = preSolution
		Debug|Any CPU = Debug|Any CPU
		Release|Any CPU = Release|Any CPU
	EndGlobalSection
	GlobalSection(ProjectConfigurationPlatforms) = postSolution
		{737C5FD3-924C-DD77-E32C-800D91900F0A}.Debug|Any CPU.ActiveCfg = Debug|Any CPU
		{737C5FD3-924C-DD77-E32C-800D91900F0A}.Debug|Any CPU.Build.0 = Debug|Any CPU
		{737C5FD3-924C-DD77-E32C-800D91900F0A}.Release|Any CPU.ActiveCfg = Release|Any CPU
		{737C5FD3-924C-DD77-E32C-800D91900F0A}.Release|Any CPU.Build.0 = Release|Any CPU
	EndGlobalSection
	GlobalSection(SolutionProperties) = preSolution
		HideSolutionNode = FALSE
	EndGlobalSection
	GlobalSection(NestedProjects) = preSolution
		{EFFA5600-B172-3042-5864-F1F34BE322BF} = {5C976489-47FA-0B10-59F5-EB3BB8509CFA}
		{737C5FD3-924C-DD77-E32C-800D91900F0A} = {EFFA5600-B172-3042-5864-F1F34BE322BF}
	EndGlobalSection
	GlobalSection(ExtensibilityGlobals) = postSolution
		SolutionGuid = {0AB3375A-1E54-41FA-B50E-7E21A033E912}
	EndGlobalSection
EndGlobal
